
Microsoft Visual Studio Solution File, Format Version 12.00
# Visual Studio Version 16
VisualStudioVersion = 16.0.29318.209
MinimumVisualStudioVersion = 10.0.40219.1
Project("{9A19103F-16F7-4668-BE54-9A1E7A4F7556}") = "Movie", "Movie\Movie.csproj", "{C7CADCC8-6535-4126-AD01-4B3B5DFD8719}"
EndProject
Project("{9A19103F-16F7-4668-BE54-9A1E7A4F7556}") = "Movie.Core", "Movie.Core\Movie.Core.csproj", "{45BEE335-54F9-42F1-96E0-588047D3CBDF}"
EndProject
Project("{9A19103F-16F7-4668-BE54-9A1E7A4F7556}") = "DvdLibraryImport", "DvdLibraryImport\DvdLibraryImport.csproj", "{93BDCD6E-AA7B-4826-B316-15CE16FB8442}"
EndProject
Project("{2150E333-8FDC-42A3-9474-1A3956D46DE8}") = "Solution Items", "Solution Items", "{AF3EE81E-4997-4499-B5D9-B9B4C7D27C58}"
	ProjectSection(SolutionItems) = preProject
		.gitignore = .gitignore
		global.json = global.json
		NuGet.config = NuGet.config
		README.md = README.md
	EndProjectSection
EndProject
Global
	GlobalSection(SolutionConfigurationPlatforms) = preSolution
		Debug|Any CPU = Debug|Any CPU
		Release|Any CPU = Release|Any CPU
	EndGlobalSection
	GlobalSection(ProjectConfigurationPlatforms) = postSolution
		{C7CADCC8-6535-4126-AD01-4B3B5DFD8719}.Debug|Any CPU.ActiveCfg = Debug|Any CPU
		{C7CADCC8-6535-4126-AD01-4B3B5DFD8719}.Debug|Any CPU.Build.0 = Debug|Any CPU
		{C7CADCC8-6535-4126-AD01-4B3B5DFD8719}.Release|Any CPU.ActiveCfg = Release|Any CPU
		{C7CADCC8-6535-4126-AD01-4B3B5DFD8719}.Release|Any CPU.Build.0 = Release|Any CPU
		{45BEE335-54F9-42F1-96E0-588047D3CBDF}.Debug|Any CPU.ActiveCfg = Debug|Any CPU
		{45BEE335-54F9-42F1-96E0-588047D3CBDF}.Debug|Any CPU.Build.0 = Debug|Any CPU
		{45BEE335-54F9-42F1-96E0-588047D3CBDF}.Release|Any CPU.ActiveCfg = Release|Any CPU
		{45BEE335-54F9-42F1-96E0-588047D3CBDF}.Release|Any CPU.Build.0 = Release|Any CPU
		{93BDCD6E-AA7B-4826-B316-15CE16FB8442}.Debug|Any CPU.ActiveCfg = Debug|Any CPU
		{93BDCD6E-AA7B-4826-B316-15CE16FB8442}.Debug|Any CPU.Build.0 = Debug|Any CPU
		{93BDCD6E-AA7B-4826-B316-15CE16FB8442}.Release|Any CPU.ActiveCfg = Release|Any CPU
		{93BDCD6E-AA7B-4826-B316-15CE16FB8442}.Release|Any CPU.Build.0 = Release|Any CPU
	EndGlobalSection
	GlobalSection(SolutionProperties) = preSolution
		HideSolutionNode = FALSE
	EndGlobalSection
	GlobalSection(ExtensibilityGlobals) = postSolution
		SolutionGuid = {B086975F-7BCC-449E-97F3-08D1AF85969A}
	EndGlobalSection
EndGlobal
